
Microsoft Visual Studio Solution File, Format Version 12.00
# Visual Studio Version 17
VisualStudioVersion = 17.6.33712.159
MinimumVisualStudioVersion = 10.0.40219.1
Project("{FAE04EC0-301F-11D3-BF4B-00C04F79EFBC}") = "MiProyectoJ8", "MiProyectoJ8.csproj", "{8BF6519F-12F8-458B-92F7-D97FFD52A2BB}"
EndProject
Global
	GlobalSection(SolutionConfigurationPlatforms) = preSolution
		Debug|Any CPU = Debug|Any CPU
		Release|Any CPU = Release|Any CPU
	EndGlobalSection
	GlobalSection(ProjectConfigurationPlatforms) = postSolution
		{8BF6519F-12F8-458B-92F7-D97FFD52A2BB}.Debug|Any CPU.ActiveCfg = Debug|Any CPU
		{8BF6519F-12F8-458B-92F7-D97FFD52A2BB}.Debug|Any CPU.Build.0 = Debug|Any CPU
		{8BF6519F-12F8-458B-92F7-D97FFD52A2BB}.Release|Any CPU.ActiveCfg = Release|Any CPU
		{8BF6519F-12F8-458B-92F7-D97FFD52A2BB}.Release|Any CPU.Build.0 = Release|Any CPU
	EndGlobalSection
	GlobalSection(SolutionProperties) = preSolution
		HideSolutionNode = FALSE
	EndGlobalSection
	GlobalSection(ExtensibilityGlobals) = postSolution
		SolutionGuid = {998367AF-AC60-4D51-885F-B42A53545CB0}
	EndGlobalSection
EndGlobal
